
Microsoft Visual Studio Solution File, Format Version 12.00
# Visual Studio Version 16
VisualStudioVersion = 16.0.31729.503
MinimumVisualStudioVersion = 10.0.40219.1
Project("{FAE04EC0-301F-11D3-BF4B-00C04F79EFBC}") = "CaseStudyBored", "CaseStudyBored\CaseStudyBored.csproj", "{8B2DC0E0-F053-48FD-9A4A-5D5BF066B053}"
EndProject
Global
	GlobalSection(SolutionConfigurationPlatforms) = preSolution
		Debug|Any CPU = Debug|Any CPU
		Release|Any CPU = Release|Any CPU
	EndGlobalSection
	GlobalSection(ProjectConfigurationPlatforms) = postSolution
		{8B2DC0E0-F053-48FD-9A4A-5D5BF066B053}.Debug|Any CPU.ActiveCfg = Debug|Any CPU
		{8B2DC0E0-F053-48FD-9A4A-5D5BF066B053}.Debug|Any CPU.Build.0 = Debug|Any CPU
		{8B2DC0E0-F053-48FD-9A4A-5D5BF066B053}.Release|Any CPU.ActiveCfg = Release|Any CPU
		{8B2DC0E0-F053-48FD-9A4A-5D5BF066B053}.Release|Any CPU.Build.0 = Release|Any CPU
	EndGlobalSection
	GlobalSection(SolutionProperties) = preSolution
		HideSolutionNode = FALSE
	EndGlobalSection
	GlobalSection(ExtensibilityGlobals) = postSolution
		SolutionGuid = {C92B529D-CD30-4F5B-BA8C-C22496AADE47}
	EndGlobalSection
EndGlobal
